
Microsoft Visual Studio Solution File, Format Version 12.00
# Visual Studio Version 16
VisualStudioVersion = 16.0.29306.81
MinimumVisualStudioVersion = 10.0.40219.1
Project("{9A19103F-16F7-4668-BE54-9A1E7A4F7556}") = "LibSudokuSharp", "LibSudokuSharp\LibSudokuSharp.csproj", "{6998DC8C-3F89-421B-9DEA-A289CC71B393}"
EndProject
Project("{9A19103F-16F7-4668-BE54-9A1E7A4F7556}") = "Tests", "Tests\Tests.csproj", "{F4597D99-1303-4268-8172-68017EEDAC3F}"
EndProject
Project("{2150E333-8FDC-42A3-9474-1A3956D46DE8}") = "Timing", "Timing", "{80EBD418-A58B-4186-905E-BB42C358A7EC}"
EndProject
Project("{FAE04EC0-301F-11D3-BF4B-00C04F79EFBC}") = "TimeSolutionCreation", "Timing\SolutionCreation\TimeSolutionCreation.csproj", "{981F9BA7-55AC-47C3-9426-8ACB32C8E86A}"
EndProject
Project("{FAE04EC0-301F-11D3-BF4B-00C04F79EFBC}") = "TimePuzzleGeneration", "Timing\PuzzleGeneration\TimePuzzleGeneration.csproj", "{9F8FB1DE-C0F5-49F3-829C-9F7EA0EAF1FC}"
EndProject
Global
	GlobalSection(SolutionConfigurationPlatforms) = preSolution
		Debug|Any CPU = Debug|Any CPU
		Debug|x64 = Debug|x64
		Debug|x86 = Debug|x86
		Release|Any CPU = Release|Any CPU
		Release|x64 = Release|x64
		Release|x86 = Release|x86
	EndGlobalSection
	GlobalSection(ProjectConfigurationPlatforms) = postSolution
		{6998DC8C-3F89-421B-9DEA-A289CC71B393}.Debug|Any CPU.ActiveCfg = Debug|Any CPU
		{6998DC8C-3F89-421B-9DEA-A289CC71B393}.Debug|Any CPU.Build.0 = Debug|Any CPU
		{6998DC8C-3F89-421B-9DEA-A289CC71B393}.Debug|x64.ActiveCfg = Debug|x64
		{6998DC8C-3F89-421B-9DEA-A289CC71B393}.Debug|x64.Build.0 = Debug|x64
		{6998DC8C-3F89-421B-9DEA-A289CC71B393}.Debug|x86.ActiveCfg = Debug|x86
		{6998DC8C-3F89-421B-9DEA-A289CC71B393}.Debug|x86.Build.0 = Debug|x86
		{6998DC8C-3F89-421B-9DEA-A289CC71B393}.Release|Any CPU.ActiveCfg = Release|Any CPU
		{6998DC8C-3F89-421B-9DEA-A289CC71B393}.Release|Any CPU.Build.0 = Release|Any CPU
		{6998DC8C-3F89-421B-9DEA-A289CC71B393}.Release|x64.ActiveCfg = Release|x64
		{6998DC8C-3F89-421B-9DEA-A289CC71B393}.Release|x64.Build.0 = Release|x64
		{6998DC8C-3F89-421B-9DEA-A289CC71B393}.Release|x86.ActiveCfg = Release|x86
		{6998DC8C-3F89-421B-9DEA-A289CC71B393}.Release|x86.Build.0 = Release|x86
		{F4597D99-1303-4268-8172-68017EEDAC3F}.Debug|Any CPU.ActiveCfg = Debug|Any CPU
		{F4597D99-1303-4268-8172-68017EEDAC3F}.Debug|Any CPU.Build.0 = Debug|Any CPU
		{F4597D99-1303-4268-8172-68017EEDAC3F}.Debug|x64.ActiveCfg = Debug|x64
		{F4597D99-1303-4268-8172-68017EEDAC3F}.Debug|x64.Build.0 = Debug|x64
		{F4597D99-1303-4268-8172-68017EEDAC3F}.Debug|x86.ActiveCfg = Debug|x86
		{F4597D99-1303-4268-8172-68017EEDAC3F}.Debug|x86.Build.0 = Debug|x86
		{F4597D99-1303-4268-8172-68017EEDAC3F}.Release|Any CPU.ActiveCfg = Release|Any CPU
		{F4597D99-1303-4268-8172-68017EEDAC3F}.Release|Any CPU.Build.0 = Release|Any CPU
		{F4597D99-1303-4268-8172-68017EEDAC3F}.Release|x64.ActiveCfg = Release|x64
		{F4597D99-1303-4268-8172-68017EEDAC3F}.Release|x64.Build.0 = Release|x64
		{F4597D99-1303-4268-8172-68017EEDAC3F}.Release|x86.ActiveCfg = Release|x86
		{F4597D99-1303-4268-8172-68017EEDAC3F}.Release|x86.Build.0 = Release|x86
		{981F9BA7-55AC-47C3-9426-8ACB32C8E86A}.Debug|Any CPU.ActiveCfg = Debug|Any CPU
		{981F9BA7-55AC-47C3-9426-8ACB32C8E86A}.Debug|Any CPU.Build.0 = Debug|Any CPU
		{981F9BA7-55AC-47C3-9426-8ACB32C8E86A}.Debug|x64.ActiveCfg = Debug|x64
		{981F9BA7-55AC-47C3-9426-8ACB32C8E86A}.Debug|x64.Build.0 = Debug|x64
		{981F9BA7-55AC-47C3-9426-8ACB32C8E86A}.Debug|x86.ActiveCfg = Debug|x86
		{981F9BA7-55AC-47C3-9426-8ACB32C8E86A}.Debug|x86.Build.0 = Debug|x86
		{981F9BA7-55AC-47C3-9426-8ACB32C8E86A}.Release|Any CPU.ActiveCfg = Release|Any CPU
		{981F9BA7-55AC-47C3-9426-8ACB32C8E86A}.Release|Any CPU.Build.0 = Release|Any CPU
		{981F9BA7-55AC-47C3-9426-8ACB32C8E86A}.Release|x64.ActiveCfg = Release|x64
		{981F9BA7-55AC-47C3-9426-8ACB32C8E86A}.Release|x64.Build.0 = Release|x64
		{981F9BA7-55AC-47C3-9426-8ACB32C8E86A}.Release|x86.ActiveCfg = Release|x86
		{981F9BA7-55AC-47C3-9426-8ACB32C8E86A}.Release|x86.Build.0 = Release|x86
		{9F8FB1DE-C0F5-49F3-829C-9F7EA0EAF1FC}.Debug|Any CPU.ActiveCfg = Debug|Any CPU
		{9F8FB1DE-C0F5-49F3-829C-9F7EA0EAF1FC}.Debug|Any CPU.Build.0 = Debug|Any CPU
		{9F8FB1DE-C0F5-49F3-829C-9F7EA0EAF1FC}.Debug|x64.ActiveCfg = Debug|x64
		{9F8FB1DE-C0F5-49F3-829C-9F7EA0EAF1FC}.Debug|x64.Build.0 = Debug|x64
		{9F8FB1DE-C0F5-49F3-829C-9F7EA0EAF1FC}.Debug|x86.ActiveCfg = Debug|x86
		{9F8FB1DE-C0F5-49F3-829C-9F7EA0EAF1FC}.Debug|x86.Build.0 = Debug|x86
		{9F8FB1DE-C0F5-49F3-829C-9F7EA0EAF1FC}.Release|Any CPU.ActiveCfg = Release|Any CPU
		{9F8FB1DE-C0F5-49F3-829C-9F7EA0EAF1FC}.Release|Any CPU.Build.0 = Release|Any CPU
		{9F8FB1DE-C0F5-49F3-829C-9F7EA0EAF1FC}.Release|x64.ActiveCfg = Release|x64
		{9F8FB1DE-C0F5-49F3-829C-9F7EA0EAF1FC}.Release|x64.Build.0 = Release|x64
		{9F8FB1DE-C0F5-49F3-829C-9F7EA0EAF1FC}.Release|x86.ActiveCfg = Release|x86
		{9F8FB1DE-C0F5-49F3-829C-9F7EA0EAF1FC}.Release|x86.Build.0 = Release|x86
	EndGlobalSection
	GlobalSection(SolutionProperties) = preSolution
		HideSolutionNode = FALSE
	EndGlobalSection
	GlobalSection(NestedProjects) = preSolution
		{981F9BA7-55AC-47C3-9426-8ACB32C8E86A} = {80EBD418-A58B-4186-905E-BB42C358A7EC}
		{9F8FB1DE-C0F5-49F3-829C-9F7EA0EAF1FC} = {80EBD418-A58B-4186-905E-BB42C358A7EC}
	EndGlobalSection
	GlobalSection(ExtensibilityGlobals) = postSolution
		SolutionGuid = {786680FB-322B-4002-8DB5-04393AB81662}
	EndGlobalSection
EndGlobal
